
Microsoft Visual Studio Solution File, Format Version 12.00
# Visual Studio Version 16
VisualStudioVersion = 16.0.30611.23
MinimumVisualStudioVersion = 10.0.40219.1
Project("{FAE04EC0-301F-11D3-BF4B-00C04F79EFBC}") = "IS_TP1_ServerSocketMiner", "IS_TP1_ServerSocketMiner.csproj", "{7D183F7E-59D3-4FE6-9D97-AEDCCA6CBF40}"
EndProject
Global
	GlobalSection(SolutionConfigurationPlatforms) = preSolution
		Debug|Any CPU = Debug|Any CPU
		Release|Any CPU = Release|Any CPU
	EndGlobalSection
	GlobalSection(ProjectConfigurationPlatforms) = postSolution
		{7D183F7E-59D3-4FE6-9D97-AEDCCA6CBF40}.Debug|Any CPU.ActiveCfg = Debug|Any CPU
		{7D183F7E-59D3-4FE6-9D97-AEDCCA6CBF40}.Debug|Any CPU.Build.0 = Debug|Any CPU
		{7D183F7E-59D3-4FE6-9D97-AEDCCA6CBF40}.Release|Any CPU.ActiveCfg = Release|Any CPU
		{7D183F7E-59D3-4FE6-9D97-AEDCCA6CBF40}.Release|Any CPU.Build.0 = Release|Any CPU
	EndGlobalSection
	GlobalSection(SolutionProperties) = preSolution
		HideSolutionNode = FALSE
	EndGlobalSection
	GlobalSection(ExtensibilityGlobals) = postSolution
		SolutionGuid = {50B809A7-8751-43EA-98C4-08418054BBB2}
	EndGlobalSection
EndGlobal
